
Microsoft Visual Studio Solution File, Format Version 12.00
# Visual Studio 15
VisualStudioVersion = 15.0.28010.2003
MinimumVisualStudioVersion = 10.0.40219.1
Project("{FAE04EC0-301F-11D3-BF4B-00C04F79EFBC}") = "PortfolioWebApp", "PortfolioWebApp\PortfolioWebApp.csproj", "{3CD916AB-3F5F-4F20-92C8-EE0AB58E27A4}"
EndProject
Global
	GlobalSection(SolutionConfigurationPlatforms) = preSolution
		Debug|Any CPU = Debug|Any CPU
		Release|Any CPU = Release|Any CPU
	EndGlobalSection
	GlobalSection(ProjectConfigurationPlatforms) = postSolution
		{3CD916AB-3F5F-4F20-92C8-EE0AB58E27A4}.Debug|Any CPU.ActiveCfg = Debug|Any CPU
		{3CD916AB-3F5F-4F20-92C8-EE0AB58E27A4}.Debug|Any CPU.Build.0 = Debug|Any CPU
		{3CD916AB-3F5F-4F20-92C8-EE0AB58E27A4}.Release|Any CPU.ActiveCfg = Release|Any CPU
		{3CD916AB-3F5F-4F20-92C8-EE0AB58E27A4}.Release|Any CPU.Build.0 = Release|Any CPU
	EndGlobalSection
	GlobalSection(SolutionProperties) = preSolution
		HideSolutionNode = FALSE
	EndGlobalSection
	GlobalSection(ExtensibilityGlobals) = postSolution
		SolutionGuid = {BC9DA0D8-F923-416A-95B3-F8F69A4F8E15}
	EndGlobalSection
EndGlobal
